
Microsoft Visual Studio Solution File, Format Version 12.00
# Visual Studio Version 16
VisualStudioVersion = 16.0.32228.343
MinimumVisualStudioVersion = 10.0.40219.1
Project("{9A19103F-16F7-4668-BE54-9A1E7A4F7556}") = "Lab08 Collections", "Lab08 Collections\Lab08 Collections.csproj", "{385EAF07-22C7-42AE-8956-40ABCE22DFFD}"
EndProject
Project("{FAE04EC0-301F-11D3-BF4B-00C04F79EFBC}") = "TestLab08", "TestLab08\TestLab08.csproj", "{BAA481F4-90E9-4E90-A13B-06F23CFB0B56}"
EndProject
Global
	GlobalSection(SolutionConfigurationPlatforms) = preSolution
		Debug|Any CPU = Debug|Any CPU
		Release|Any CPU = Release|Any CPU
	EndGlobalSection
	GlobalSection(ProjectConfigurationPlatforms) = postSolution
		{385EAF07-22C7-42AE-8956-40ABCE22DFFD}.Debug|Any CPU.ActiveCfg = Debug|Any CPU
		{385EAF07-22C7-42AE-8956-40ABCE22DFFD}.Debug|Any CPU.Build.0 = Debug|Any CPU
		{385EAF07-22C7-42AE-8956-40ABCE22DFFD}.Release|Any CPU.ActiveCfg = Release|Any CPU
		{385EAF07-22C7-42AE-8956-40ABCE22DFFD}.Release|Any CPU.Build.0 = Release|Any CPU
		{BAA481F4-90E9-4E90-A13B-06F23CFB0B56}.Debug|Any CPU.ActiveCfg = Debug|Any CPU
		{BAA481F4-90E9-4E90-A13B-06F23CFB0B56}.Debug|Any CPU.Build.0 = Debug|Any CPU
		{BAA481F4-90E9-4E90-A13B-06F23CFB0B56}.Release|Any CPU.ActiveCfg = Release|Any CPU
		{BAA481F4-90E9-4E90-A13B-06F23CFB0B56}.Release|Any CPU.Build.0 = Release|Any CPU
	EndGlobalSection
	GlobalSection(SolutionProperties) = preSolution
		HideSolutionNode = FALSE
	EndGlobalSection
	GlobalSection(ExtensibilityGlobals) = postSolution
		SolutionGuid = {BB9212EF-CC9D-4A00-9BA2-661FF1B0354F}
	EndGlobalSection
EndGlobal
